# @generated by Move, please check-in and do not edit manually.

[move]
version = 3
manifest_digest = "6D7F6A69B60A6B75C697899C4851A105F0B78854A08C67DFBFAE5C9708EC67BF"
deps_digest = "3C4103934B1E040BB6B23F1D610B4EF9F2F1166A50A104EADCF77467C004C600"
dependencies = [
  { id = "Sui", name = "Sui" },
  { id = "e4c", name = "e4c" },
]

[[move.package]]
id = "MoveStdlib"
source = { git = "https://github.com/MystenLabs/sui.git", rev = "framework/testnet", subdir = "crates/sui-framework/packages/move-stdlib" }

[[move.package]]
id = "Sui"
source = { git = "https://github.com/MystenLabs/sui.git", rev = "framework/testnet", subdir = "crates/sui-framework/packages/sui-framework" }

dependencies = [
  { id = "MoveStdlib", name = "MoveStdlib" },
]

[[move.package]]
id = "e4c"
source = { local = "../e4c" }

dependencies = [
  { id = "Sui", name = "Sui" },
]

[move.toolchain-version]
compiler-version = "1.38.0"
edition = "2024.beta"
flavor = "sui"

[env]

[env.testnet]
chain-id = "4c78adac"
original-published-id = "0xff7194101d6e6e5f5b7ba2006c4c89f11c932503cb7daf13b734a7edef9cdcfd"
latest-published-id = "0xff7194101d6e6e5f5b7ba2006c4c89f11c932503cb7daf13b734a7edef9cdcfd"
published-version = "1"

[env.mainnet]
chain-id = "35834a8a"
original-published-id = "0x16003f426fd2746f2669813c6b744488a1f5b5cc3c36735a143f0cefc4d201b7"
latest-published-id = "0x16003f426fd2746f2669813c6b744488a1f5b5cc3c36735a143f0cefc4d201b7"
published-version = "1"
