# @generated by Move, please check-in and do not edit manually.

[move]
version = 3
manifest_digest = "03853F3E16B2CA9A25D7EDD8D5E063DA4B61251868A795962810B5FB70161983"
deps_digest = "3C4103934B1E040BB6B23F1D610B4EF9F2F1166A50A104EADCF77467C004C600"
dependencies = [
  { id = "Sui", name = "Sui" },
  { id = "e4c", name = "e4c" },
]

[[move.package]]
id = "MoveStdlib"
source = { git = "https://github.com/MystenLabs/sui.git", rev = "framework/testnet", subdir = "crates/sui-framework/packages/move-stdlib" }

[[move.package]]
id = "Sui"
source = { git = "https://github.com/MystenLabs/sui.git", rev = "framework/testnet", subdir = "crates/sui-framework/packages/sui-framework" }

dependencies = [
  { id = "MoveStdlib", name = "MoveStdlib" },
]

[[move.package]]
id = "e4c"
source = { local = "../e4c" }

dependencies = [
  { id = "Sui", name = "Sui" },
]

[move.toolchain-version]
compiler-version = "1.38.0"
edition = "2024.beta"
flavor = "sui"

[env]

[env.testnet]
chain-id = "4c78adac"
original-published-id = "0x1bbadeb1af29202c9fdf59110e45a545542f84c7212fdf081d348b4a6371c13d"
latest-published-id = "0x1bbadeb1af29202c9fdf59110e45a545542f84c7212fdf081d348b4a6371c13d"
published-version = "1"
